// !$*UTF8*$!
{
	archiveVersion = 1;
	classes = {
	};
	objectVersion = 56;
	objects = {

/* Begin PBXBuildFile section */
		C50C881F83F0D6AB13F39FCC /* Pods_Biba.framework in Frameworks */ = {isa = PBXBuildFile; fileRef = 7157354F810CA6AF2DD4D79F /* Pods_Biba.framework */; };
		E82B87B82B30187400078E84 /* Secrets.swift in Sources */ = {isa = PBXBuildFile; fileRef = E82B87B72B30187400078E84 /* Secrets.swift */; };
		E859A8FC2B31694E007E258C /* Config.generated.swift in Sources */ = {isa = PBXBuildFile; fileRef = E859A8FB2B31694E007E258C /* Config.generated.swift */; };
		E8D856BC2B2EFAA9005D2E9F /* AppDelegate.swift in Sources */ = {isa = PBXBuildFile; fileRef = E8D856BB2B2EFAA9005D2E9F /* AppDelegate.swift */; };
		E8D856BE2B2EFAA9005D2E9F /* SceneDelegate.swift in Sources */ = {isa = PBXBuildFile; fileRef = E8D856BD2B2EFAA9005D2E9F /* SceneDelegate.swift */; };
		E8D856C52B2EFAAA005D2E9F /* Assets.xcassets in Resources */ = {isa = PBXBuildFile; fileRef = E8D856C42B2EFAAA005D2E9F /* Assets.xcassets */; };
		E8D856C82B2EFAAA005D2E9F /* LaunchScreen.storyboard in Resources */ = {isa = PBXBuildFile; fileRef = E8D856C62B2EFAAA005D2E9F /* LaunchScreen.storyboard */; };
		E8D856D02B2EFB31005D2E9F /* MainViewController.swift in Sources */ = {isa = PBXBuildFile; fileRef = E8D856CF2B2EFB31005D2E9F /* MainViewController.swift */; };
/* End PBXBuildFile section */

/* Begin PBXFileReference section */
		0B32800DCC46F0B719DBAB26 /* Pods-Biba.release.xcconfig */ = {isa = PBXFileReference; includeInIndex = 1; lastKnownFileType = text.xcconfig; name = "Pods-Biba.release.xcconfig"; path = "Target Support Files/Pods-Biba/Pods-Biba.release.xcconfig"; sourceTree = "<group>"; };
		1618B13488A62D9059046DF0 /* Pods-Biba.debug.xcconfig */ = {isa = PBXFileReference; includeInIndex = 1; lastKnownFileType = text.xcconfig; name = "Pods-Biba.debug.xcconfig"; path = "Target Support Files/Pods-Biba/Pods-Biba.debug.xcconfig"; sourceTree = "<group>"; };
		7157354F810CA6AF2DD4D79F /* Pods_Biba.framework */ = {isa = PBXFileReference; explicitFileType = wrapper.framework; includeInIndex = 0; path = Pods_Biba.framework; sourceTree = BUILT_PRODUCTS_DIR; };
		E82B87B72B30187400078E84 /* Secrets.swift */ = {isa = PBXFileReference; lastKnownFileType = sourcecode.swift; path = Secrets.swift; sourceTree = "<group>"; };
		E840D5912B3022EC00AEDFB4 /* Config.stencil */ = {isa = PBXFileReference; lastKnownFileType = text; path = Config.stencil; sourceTree = "<group>"; };
		E842330A2B30729C0027D863 /* Biba-Stage.app */ = {isa = PBXFileReference; explicitFileType = wrapper.application; includeInIndex = 0; path = "Biba-Stage.app"; sourceTree = BUILT_PRODUCTS_DIR; };
		E842330E2B3077020027D863 /* GoogleService-Info-Stage.plist */ = {isa = PBXFileReference; lastKnownFileType = text.plist.xml; path = "GoogleService-Info-Stage.plist"; sourceTree = "<group>"; };
		E842330F2B3077090027D863 /* GoogleService-Info.plist */ = {isa = PBXFileReference; lastKnownFileType = text.plist.xml; path = "GoogleService-Info.plist"; sourceTree = "<group>"; };
		E859A8EC2B3135DC007E258C /* config.sh */ = {isa = PBXFileReference; lastKnownFileType = text.script.sh; path = config.sh; sourceTree = "<group>"; };
		E859A8F62B316407007E258C /* .env.stage */ = {isa = PBXFileReference; lastKnownFileType = text; path = .env.stage; sourceTree = "<group>"; };
		E859A8F72B316407007E258C /* .env */ = {isa = PBXFileReference; lastKnownFileType = text; path = .env; sourceTree = "<group>"; };
		E859A8FB2B31694E007E258C /* Config.generated.swift */ = {isa = PBXFileReference; fileEncoding = 4; lastKnownFileType = sourcecode.swift; path = Config.generated.swift; sourceTree = "<group>"; };
		E8D856BB2B2EFAA9005D2E9F /* AppDelegate.swift */ = {isa = PBXFileReference; lastKnownFileType = sourcecode.swift; path = AppDelegate.swift; sourceTree = "<group>"; };
		E8D856BD2B2EFAA9005D2E9F /* SceneDelegate.swift */ = {isa = PBXFileReference; lastKnownFileType = sourcecode.swift; path = SceneDelegate.swift; sourceTree = "<group>"; };
		E8D856C42B2EFAAA005D2E9F /* Assets.xcassets */ = {isa = PBXFileReference; lastKnownFileType = folder.assetcatalog; path = Assets.xcassets; sourceTree = "<group>"; };
		E8D856C72B2EFAAA005D2E9F /* Base */ = {isa = PBXFileReference; lastKnownFileType = file.storyboard; name = Base; path = Base.lproj/LaunchScreen.storyboard; sourceTree = "<group>"; };
		E8D856C92B2EFAAA005D2E9F /* Info.plist */ = {isa = PBXFileReference; lastKnownFileType = text.plist.xml; path = Info.plist; sourceTree = "<group>"; };
		E8D856CF2B2EFB31005D2E9F /* MainViewController.swift */ = {isa = PBXFileReference; lastKnownFileType = sourcecode.swift; path = MainViewController.swift; sourceTree = "<group>"; };
		E8D856E12B2F280E005D2E9F /* Firebase.sh */ = {isa = PBXFileReference; lastKnownFileType = text.script.sh; path = Firebase.sh; sourceTree = "<group>"; };
/* End PBXFileReference section */

/* Begin PBXFrameworksBuildPhase section */
		E8D856B52B2EFAA9005D2E9F /* Frameworks */ = {
			isa = PBXFrameworksBuildPhase;
			buildActionMask = 2147483647;
			files = (
				C50C881F83F0D6AB13F39FCC /* Pods_Biba.framework in Frameworks */,
			);
			runOnlyForDeploymentPostprocessing = 0;
		};
/* End PBXFrameworksBuildPhase section */

/* Begin PBXGroup section */
		064A5AA82CCEB3DF1950E544 /* Frameworks */ = {
			isa = PBXGroup;
			children = (
				7157354F810CA6AF2DD4D79F /* Pods_Biba.framework */,
			);
			name = Frameworks;
			sourceTree = "<group>";
		};
		B21D5CFDC64F67651BC0DE02 /* Pods */ = {
			isa = PBXGroup;
			children = (
				1618B13488A62D9059046DF0 /* Pods-Biba.debug.xcconfig */,
				0B32800DCC46F0B719DBAB26 /* Pods-Biba.release.xcconfig */,
			);
			path = Pods;
			sourceTree = "<group>";
		};
		E840D5972B3066FF00AEDFB4 /* App */ = {
			isa = PBXGroup;
			children = (
				E842330F2B3077090027D863 /* GoogleService-Info.plist */,
				E842330E2B3077020027D863 /* GoogleService-Info-Stage.plist */,
			);
			path = App;
			sourceTree = "<group>";
		};
		E859A8F52B316407007E258C /* Config */ = {
			isa = PBXGroup;
			children = (
				E859A8FB2B31694E007E258C /* Config.generated.swift */,
				E859A8F72B316407007E258C /* .env */,
				E859A8F62B316407007E258C /* .env.stage */,
				E840D5912B3022EC00AEDFB4 /* Config.stencil */,
				E859A8EC2B3135DC007E258C /* config.sh */,
			);
			path = Config;
			sourceTree = "<group>";
		};
		E8D856AF2B2EFAA9005D2E9F = {
			isa = PBXGroup;
			children = (
				E8D856BA2B2EFAA9005D2E9F /* Biba */,
				B21D5CFDC64F67651BC0DE02 /* Pods */,
				064A5AA82CCEB3DF1950E544 /* Frameworks */,
				E842330A2B30729C0027D863 /* Biba-Stage.app */,
			);
			sourceTree = "<group>";
		};
		E8D856BA2B2EFAA9005D2E9F /* Biba */ = {
			isa = PBXGroup;
			children = (
				E859A8F52B316407007E258C /* Config */,
				E840D5972B3066FF00AEDFB4 /* App */,
				E8D856BB2B2EFAA9005D2E9F /* AppDelegate.swift */,
				E8D856BD2B2EFAA9005D2E9F /* SceneDelegate.swift */,
				E8D856C42B2EFAAA005D2E9F /* Assets.xcassets */,
				E8D856C62B2EFAAA005D2E9F /* LaunchScreen.storyboard */,
				E8D856C92B2EFAAA005D2E9F /* Info.plist */,
				E8D856CF2B2EFB31005D2E9F /* MainViewController.swift */,
				E8D856E22B2F28A5005D2E9F /* Script */,
				E82B87B72B30187400078E84 /* Secrets.swift */,
			);
			path = Biba;
			sourceTree = "<group>";
		};
		E8D856E22B2F28A5005D2E9F /* Script */ = {
			isa = PBXGroup;
			children = (
				E8D856E12B2F280E005D2E9F /* Firebase.sh */,
			);
			path = Script;
			sourceTree = "<group>";
		};
/* End PBXGroup section */

/* Begin PBXNativeTarget section */
		E8D856B72B2EFAA9005D2E9F /* Biba */ = {
			isa = PBXNativeTarget;
			buildConfigurationList = E8D856CC2B2EFAAA005D2E9F /* Build configuration list for PBXNativeTarget "Biba" */;
			buildPhases = (
				0AD02421819ADCF4345A66AE /* [CP] Check Pods Manifest.lock */,
				E859A8ED2B3135F6007E258C /* Config Script */,
				E8D856B42B2EFAA9005D2E9F /* Sources */,
				E8D856B52B2EFAA9005D2E9F /* Frameworks */,
				E8D856B62B2EFAA9005D2E9F /* Resources */,
				04C3790E9B9BEA144E83AC95 /* [CP] Embed Pods Frameworks */,
				E8D856E02B2F10E7005D2E9F /* Firebase Script */,
			);
			buildRules = (
			);
			dependencies = (
			);
			name = Biba;
			productName = Biba;
			productReference = E842330A2B30729C0027D863 /* Biba-Stage.app */;
			productType = "com.apple.product-type.application";
		};
/* End PBXNativeTarget section */

/* Begin PBXProject section */
		E8D856B02B2EFAA9005D2E9F /* Project object */ = {
			isa = PBXProject;
			attributes = {
				BuildIndependentTargetsInParallel = 1;
				LastSwiftUpdateCheck = 1430;
				LastUpgradeCheck = 1430;
				TargetAttributes = {
					E8D856B72B2EFAA9005D2E9F = {
						CreatedOnToolsVersion = 14.3;
					};
				};
			};
			buildConfigurationList = E8D856B32B2EFAA9005D2E9F /* Build configuration list for PBXProject "Biba" */;
			compatibilityVersion = "Xcode 14.0";
			developmentRegion = en;
			hasScannedForEncodings = 0;
			knownRegions = (
				en,
				Base,
			);
			mainGroup = E8D856AF2B2EFAA9005D2E9F;
			productRefGroup = E8D856AF2B2EFAA9005D2E9F;
			projectDirPath = "";
			projectRoot = "";
			targets = (
				E8D856B72B2EFAA9005D2E9F /* Biba */,
			);
		};
/* End PBXProject section */

/* Begin PBXResourcesBuildPhase section */
		E8D856B62B2EFAA9005D2E9F /* Resources */ = {
			isa = PBXResourcesBuildPhase;
			buildActionMask = 2147483647;
			files = (
				E8D856C82B2EFAAA005D2E9F /* LaunchScreen.storyboard in Resources */,
				E8D856C52B2EFAAA005D2E9F /* Assets.xcassets in Resources */,
			);
			runOnlyForDeploymentPostprocessing = 0;
		};
/* End PBXResourcesBuildPhase section */

/* Begin PBXShellScriptBuildPhase section */
		04C3790E9B9BEA144E83AC95 /* [CP] Embed Pods Frameworks */ = {
			isa = PBXShellScriptBuildPhase;
			buildActionMask = 2147483647;
			files = (
			);
			inputFileListPaths = (
				"${PODS_ROOT}/Target Support Files/Pods-Biba/Pods-Biba-frameworks-${CONFIGURATION}-input-files.xcfilelist",
			);
			name = "[CP] Embed Pods Frameworks";
			outputFileListPaths = (
				"${PODS_ROOT}/Target Support Files/Pods-Biba/Pods-Biba-frameworks-${CONFIGURATION}-output-files.xcfilelist",
			);
			runOnlyForDeploymentPostprocessing = 0;
			shellPath = /bin/sh;
			shellScript = "\"${PODS_ROOT}/Target Support Files/Pods-Biba/Pods-Biba-frameworks.sh\"\n";
			showEnvVarsInLog = 0;
		};
		0AD02421819ADCF4345A66AE /* [CP] Check Pods Manifest.lock */ = {
			isa = PBXShellScriptBuildPhase;
			buildActionMask = 2147483647;
			files = (
			);
			inputFileListPaths = (
			);
			inputPaths = (
				"${PODS_PODFILE_DIR_PATH}/Podfile.lock",
				"${PODS_ROOT}/Manifest.lock",
			);
			name = "[CP] Check Pods Manifest.lock";
			outputFileListPaths = (
			);
			outputPaths = (
				"$(DERIVED_FILE_DIR)/Pods-Biba-checkManifestLockResult.txt",
			);
			runOnlyForDeploymentPostprocessing = 0;
			shellPath = /bin/sh;
			shellScript = "diff \"${PODS_PODFILE_DIR_PATH}/Podfile.lock\" \"${PODS_ROOT}/Manifest.lock\" > /dev/null\nif [ $? != 0 ] ; then\n    # print error to STDERR\n    echo \"error: The sandbox is not in sync with the Podfile.lock. Run 'pod install' or update your CocoaPods installation.\" >&2\n    exit 1\nfi\n# This output is used by Xcode 'outputs' to avoid re-running this script phase.\necho \"SUCCESS\" > \"${SCRIPT_OUTPUT_FILE_0}\"\n";
			showEnvVarsInLog = 0;
		};
		E859A8ED2B3135F6007E258C /* Config Script */ = {
			isa = PBXShellScriptBuildPhase;
			buildActionMask = 2147483647;
			files = (
			);
			inputFileListPaths = (
			);
			inputPaths = (
			);
			name = "Config Script";
			outputFileListPaths = (
			);
			outputPaths = (
			);
			runOnlyForDeploymentPostprocessing = 0;
			shellPath = /bin/sh;
			shellScript = "# Type a script or drag a script file from your workspace to insert its path.\n${PROJECT_DIR}/${TARGET_NAME}/Config/config.sh\n";
		};
		E8D856E02B2F10E7005D2E9F /* Firebase Script */ = {
			isa = PBXShellScriptBuildPhase;
			buildActionMask = 12;
			files = (
			);
			inputFileListPaths = (
			);
			inputPaths = (
			);
			name = "Firebase Script";
			outputFileListPaths = (
			);
			outputPaths = (
			);
			runOnlyForDeploymentPostprocessing = 0;
			shellPath = /bin/sh;
			shellScript = "# Type a script or drag a script file from your workspace to insert its path.\n${PROJECT_DIR}/${TARGET_NAME}/Script/Firebase.sh\n";
		};
/* End PBXShellScriptBuildPhase section */

/* Begin PBXSourcesBuildPhase section */
		E8D856B42B2EFAA9005D2E9F /* Sources */ = {
			isa = PBXSourcesBuildPhase;
			buildActionMask = 2147483647;
			files = (
				E8D856BC2B2EFAA9005D2E9F /* AppDelegate.swift in Sources */,
				E859A8FC2B31694E007E258C /* Config.generated.swift in Sources */,
				E82B87B82B30187400078E84 /* Secrets.swift in Sources */,
				E8D856BE2B2EFAA9005D2E9F /* SceneDelegate.swift in Sources */,
				E8D856D02B2EFB31005D2E9F /* MainViewController.swift in Sources */,
			);
			runOnlyForDeploymentPostprocessing = 0;
		};
/* End PBXSourcesBuildPhase section */

/* Begin PBXVariantGroup section */
		E8D856C62B2EFAAA005D2E9F /* LaunchScreen.storyboard */ = {
			isa = PBXVariantGroup;
			children = (
				E8D856C72B2EFAAA005D2E9F /* Base */,
			);
			name = LaunchScreen.storyboard;
			sourceTree = "<group>";
		};
/* End PBXVariantGroup section */

/* Begin XCBuildConfiguration section */
		E8D856CA2B2EFAAA005D2E9F /* Debug */ = {
			isa = XCBuildConfiguration;
			buildSettings = {
				ALWAYS_SEARCH_USER_PATHS = NO;
				CLANG_ANALYZER_NONNULL = YES;
				CLANG_ANALYZER_NUMBER_OBJECT_CONVERSION = YES_AGGRESSIVE;
				CLANG_CXX_LANGUAGE_STANDARD = "gnu++20";
				CLANG_ENABLE_MODULES = YES;
				CLANG_ENABLE_OBJC_ARC = YES;
				CLANG_ENABLE_OBJC_WEAK = YES;
				CLANG_WARN_BLOCK_CAPTURE_AUTORELEASING = YES;
				CLANG_WARN_BOOL_CONVERSION = YES;
				CLANG_WARN_COMMA = YES;
				CLANG_WARN_CONSTANT_CONVERSION = YES;
				CLANG_WARN_DEPRECATED_OBJC_IMPLEMENTATIONS = YES;
				CLANG_WARN_DIRECT_OBJC_ISA_USAGE = YES_ERROR;
				CLANG_WARN_DOCUMENTATION_COMMENTS = YES;
				CLANG_WARN_EMPTY_BODY = YES;
				CLANG_WARN_ENUM_CONVERSION = YES;
				CLANG_WARN_INFINITE_RECURSION = YES;
				CLANG_WARN_INT_CONVERSION = YES;
				CLANG_WARN_NON_LITERAL_NULL_CONVERSION = YES;
				CLANG_WARN_OBJC_IMPLICIT_RETAIN_SELF = YES;
				CLANG_WARN_OBJC_LITERAL_CONVERSION = YES;
				CLANG_WARN_OBJC_ROOT_CLASS = YES_ERROR;
				CLANG_WARN_QUOTED_INCLUDE_IN_FRAMEWORK_HEADER = YES;
				CLANG_WARN_RANGE_LOOP_ANALYSIS = YES;
				CLANG_WARN_STRICT_PROTOTYPES = YES;
				CLANG_WARN_SUSPICIOUS_MOVE = YES;
				CLANG_WARN_UNGUARDED_AVAILABILITY = YES_AGGRESSIVE;
				CLANG_WARN_UNREACHABLE_CODE = YES;
				CLANG_WARN__DUPLICATE_METHOD_MATCH = YES;
				COPY_PHASE_STRIP = NO;
				DEBUG_INFORMATION_FORMAT = dwarf;
				ENABLE_STRICT_OBJC_MSGSEND = YES;
				ENABLE_TESTABILITY = YES;
				GCC_C_LANGUAGE_STANDARD = gnu11;
				GCC_DYNAMIC_NO_PIC = NO;
				GCC_NO_COMMON_BLOCKS = YES;
				GCC_OPTIMIZATION_LEVEL = 0;
				GCC_PREPROCESSOR_DEFINITIONS = (
					"DEBUG=1",
					"$(inherited)",
				);
				GCC_WARN_64_TO_32_BIT_CONVERSION = YES;
				GCC_WARN_ABOUT_RETURN_TYPE = YES_ERROR;
				GCC_WARN_UNDECLARED_SELECTOR = YES;
				GCC_WARN_UNINITIALIZED_AUTOS = YES_AGGRESSIVE;
				GCC_WARN_UNUSED_FUNCTION = YES;
				GCC_WARN_UNUSED_VARIABLE = YES;
				IPHONEOS_DEPLOYMENT_TARGET = 14.0;
				MTL_ENABLE_DEBUG_INFO = INCLUDE_SOURCE;
				MTL_FAST_MATH = YES;
				ONLY_ACTIVE_ARCH = YES;
				SDKROOT = iphoneos;
				SWIFT_ACTIVE_COMPILATION_CONDITIONS = DEBUG;
				SWIFT_OPTIMIZATION_LEVEL = "-Onone";
			};
			name = Debug;
		};
		E8D856CB2B2EFAAA005D2E9F /* Release */ = {
			isa = XCBuildConfiguration;
			buildSettings = {
				ALWAYS_SEARCH_USER_PATHS = NO;
				CLANG_ANALYZER_NONNULL = YES;
				CLANG_ANALYZER_NUMBER_OBJECT_CONVERSION = YES_AGGRESSIVE;
				CLANG_CXX_LANGUAGE_STANDARD = "gnu++20";
				CLANG_ENABLE_MODULES = YES;
				CLANG_ENABLE_OBJC_ARC = YES;
				CLANG_ENABLE_OBJC_WEAK = YES;
				CLANG_WARN_BLOCK_CAPTURE_AUTORELEASING = YES;
				CLANG_WARN_BOOL_CONVERSION = YES;
				CLANG_WARN_COMMA = YES;
				CLANG_WARN_CONSTANT_CONVERSION = YES;
				CLANG_WARN_DEPRECATED_OBJC_IMPLEMENTATIONS = YES;
				CLANG_WARN_DIRECT_OBJC_ISA_USAGE = YES_ERROR;
				CLANG_WARN_DOCUMENTATION_COMMENTS = YES;
				CLANG_WARN_EMPTY_BODY = YES;
				CLANG_WARN_ENUM_CONVERSION = YES;
				CLANG_WARN_INFINITE_RECURSION = YES;
				CLANG_WARN_INT_CONVERSION = YES;
				CLANG_WARN_NON_LITERAL_NULL_CONVERSION = YES;
				CLANG_WARN_OBJC_IMPLICIT_RETAIN_SELF = YES;
				CLANG_WARN_OBJC_LITERAL_CONVERSION = YES;
				CLANG_WARN_OBJC_ROOT_CLASS = YES_ERROR;
				CLANG_WARN_QUOTED_INCLUDE_IN_FRAMEWORK_HEADER = YES;
				CLANG_WARN_RANGE_LOOP_ANALYSIS = YES;
				CLANG_WARN_STRICT_PROTOTYPES = YES;
				CLANG_WARN_SUSPICIOUS_MOVE = YES;
				CLANG_WARN_UNGUARDED_AVAILABILITY = YES_AGGRESSIVE;
				CLANG_WARN_UNREACHABLE_CODE = YES;
				CLANG_WARN__DUPLICATE_METHOD_MATCH = YES;
				COPY_PHASE_STRIP = NO;
				DEBUG_INFORMATION_FORMAT = "dwarf-with-dsym";
				ENABLE_NS_ASSERTIONS = NO;
				ENABLE_STRICT_OBJC_MSGSEND = YES;
				GCC_C_LANGUAGE_STANDARD = gnu11;
				GCC_NO_COMMON_BLOCKS = YES;
				GCC_WARN_64_TO_32_BIT_CONVERSION = YES;
				GCC_WARN_ABOUT_RETURN_TYPE = YES_ERROR;
				GCC_WARN_UNDECLARED_SELECTOR = YES;
				GCC_WARN_UNINITIALIZED_AUTOS = YES_AGGRESSIVE;
				GCC_WARN_UNUSED_FUNCTION = YES;
				GCC_WARN_UNUSED_VARIABLE = YES;
				IPHONEOS_DEPLOYMENT_TARGET = 14.0;
				MTL_ENABLE_DEBUG_INFO = NO;
				MTL_FAST_MATH = YES;
				SDKROOT = iphoneos;
				SWIFT_COMPILATION_MODE = wholemodule;
				SWIFT_OPTIMIZATION_LEVEL = "-O";
				VALIDATE_PRODUCT = YES;
			};
			name = Release;
		};
		E8D856CD2B2EFAAA005D2E9F /* Debug */ = {
			isa = XCBuildConfiguration;
			baseConfigurationReference = 1618B13488A62D9059046DF0 /* Pods-Biba.debug.xcconfig */;
			buildSettings = {
				ASSETCATALOG_COMPILER_APPICON_NAME = AppIcon;
				ASSETCATALOG_COMPILER_GLOBAL_ACCENT_COLOR_NAME = AccentColor;
				CODE_SIGN_STYLE = Automatic;
				CURRENT_PROJECT_VERSION = 1;
				DEVELOPMENT_TEAM = ZKX4347K9W;
				GENERATE_INFOPLIST_FILE = YES;
				INFOPLIST_FILE = Biba/Info.plist;
				INFOPLIST_KEY_UIApplicationSupportsIndirectInputEvents = YES;
				INFOPLIST_KEY_UILaunchStoryboardName = LaunchScreen;
				INFOPLIST_KEY_UISupportedInterfaceOrientations_iPad = "UIInterfaceOrientationPortrait UIInterfaceOrientationPortraitUpsideDown UIInterfaceOrientationLandscapeLeft UIInterfaceOrientationLandscapeRight";
				INFOPLIST_KEY_UISupportedInterfaceOrientations_iPhone = "UIInterfaceOrientationPortrait UIInterfaceOrientationLandscapeLeft UIInterfaceOrientationLandscapeRight";
				IPHONEOS_DEPLOYMENT_TARGET = 14.0;
				LD_RUNPATH_SEARCH_PATHS = (
					"$(inherited)",
					"@executable_path/Frameworks",
				);
				MARKETING_VERSION = 1.0;
				PRODUCT_BUNDLE_IDENTIFIER = "com.biba-stage";
				PRODUCT_NAME = "$(TARGET_NAME)-Stage";
				SWIFT_EMIT_LOC_STRINGS = YES;
				SWIFT_VERSION = 5.0;
				TARGETED_DEVICE_FAMILY = "1,2";
			};
			name = Debug;
		};
		E8D856CE2B2EFAAA005D2E9F /* Release */ = {
			isa = XCBuildConfiguration;
			baseConfigurationReference = 0B32800DCC46F0B719DBAB26 /* Pods-Biba.release.xcconfig */;
			buildSettings = {
				ASSETCATALOG_COMPILER_APPICON_NAME = AppIcon;
				ASSETCATALOG_COMPILER_GLOBAL_ACCENT_COLOR_NAME = AccentColor;
				CODE_SIGN_STYLE = Automatic;
				CURRENT_PROJECT_VERSION = 1;
				DEVELOPMENT_TEAM = ZKX4347K9W;
				GENERATE_INFOPLIST_FILE = YES;
				INFOPLIST_FILE = Biba/Info.plist;
				INFOPLIST_KEY_UIApplicationSupportsIndirectInputEvents = YES;
				INFOPLIST_KEY_UILaunchStoryboardName = LaunchScreen;
				INFOPLIST_KEY_UISupportedInterfaceOrientations_iPad = "UIInterfaceOrientationPortrait UIInterfaceOrientationPortraitUpsideDown UIInterfaceOrientationLandscapeLeft UIInterfaceOrientationLandscapeRight";
				INFOPLIST_KEY_UISupportedInterfaceOrientations_iPhone = "UIInterfaceOrientationPortrait UIInterfaceOrientationLandscapeLeft UIInterfaceOrientationLandscapeRight";
				IPHONEOS_DEPLOYMENT_TARGET = 14.0;
				LD_RUNPATH_SEARCH_PATHS = (
					"$(inherited)",
					"@executable_path/Frameworks",
				);
				MARKETING_VERSION = 1.0;
				PRODUCT_BUNDLE_IDENTIFIER = com.biba;
				PRODUCT_NAME = "$(TARGET_NAME)";
				SWIFT_EMIT_LOC_STRINGS = YES;
				SWIFT_VERSION = 5.0;
				TARGETED_DEVICE_FAMILY = "1,2";
			};
			name = Release;
		};
/* End XCBuildConfiguration section */

/* Begin XCConfigurationList section */
		E8D856B32B2EFAA9005D2E9F /* Build configuration list for PBXProject "Biba" */ = {
			isa = XCConfigurationList;
			buildConfigurations = (
				E8D856CA2B2EFAAA005D2E9F /* Debug */,
				E8D856CB2B2EFAAA005D2E9F /* Release */,
			);
			defaultConfigurationIsVisible = 0;
			defaultConfigurationName = Release;
		};
		E8D856CC2B2EFAAA005D2E9F /* Build configuration list for PBXNativeTarget "Biba" */ = {
			isa = XCConfigurationList;
			buildConfigurations = (
				E8D856CD2B2EFAAA005D2E9F /* Debug */,
				E8D856CE2B2EFAAA005D2E9F /* Release */,
			);
			defaultConfigurationIsVisible = 0;
			defaultConfigurationName = Release;
		};
/* End XCConfigurationList section */
	};
	rootObject = E8D856B02B2EFAA9005D2E9F /* Project object */;
}
